
Microsoft Visual Studio Solution File, Format Version 12.00
# Visual Studio Version 17
VisualStudioVersion = 17.11.35327.3
MinimumVisualStudioVersion = 10.0.40219.1
Project("{FAE04EC0-301F-11D3-BF4B-00C04F79EFBC}") = "ConsoleApp4", "ConsoleApp4\ConsoleApp4.csproj", "{2356F865-950A-4BC8-BD15-09D87855BF50}"
EndProject
Global
	GlobalSection(SolutionConfigurationPlatforms) = preSolution
		Debug|Any CPU = Debug|Any CPU
		Release|Any CPU = Release|Any CPU
	EndGlobalSection
	GlobalSection(ProjectConfigurationPlatforms) = postSolution
		{2356F865-950A-4BC8-BD15-09D87855BF50}.Debug|Any CPU.ActiveCfg = Debug|Any CPU
		{2356F865-950A-4BC8-BD15-09D87855BF50}.Debug|Any CPU.Build.0 = Debug|Any CPU
		{2356F865-950A-4BC8-BD15-09D87855BF50}.Release|Any CPU.ActiveCfg = Release|Any CPU
		{2356F865-950A-4BC8-BD15-09D87855BF50}.Release|Any CPU.Build.0 = Release|Any CPU
	EndGlobalSection
	GlobalSection(SolutionProperties) = preSolution
		HideSolutionNode = FALSE
	EndGlobalSection
	GlobalSection(ExtensibilityGlobals) = postSolution
		SolutionGuid = {8312900A-70CA-4F0D-BA7F-4860F83A238B}
	EndGlobalSection
EndGlobal
